
Microsoft Visual Studio Solution File, Format Version 12.00
# Visual Studio Version 16
VisualStudioVersion = 16.0.30011.22
MinimumVisualStudioVersion = 10.0.40219.1
Project("{FAE04EC0-301F-11D3-BF4B-00C04F79EFBC}") = "IOT-Hub", "IOTHub\IOT-Hub.csproj", "{90DB2CBF-554F-4A1E-B67F-A0B138A05B44}"
EndProject
Global
	GlobalSection(SolutionConfigurationPlatforms) = preSolution
		Debug|Any CPU = Debug|Any CPU
		Release|Any CPU = Release|Any CPU
	EndGlobalSection
	GlobalSection(ProjectConfigurationPlatforms) = postSolution
		{90DB2CBF-554F-4A1E-B67F-A0B138A05B44}.Debug|Any CPU.ActiveCfg = Debug|Any CPU
		{90DB2CBF-554F-4A1E-B67F-A0B138A05B44}.Debug|Any CPU.Build.0 = Debug|Any CPU
		{90DB2CBF-554F-4A1E-B67F-A0B138A05B44}.Release|Any CPU.ActiveCfg = Release|Any CPU
		{90DB2CBF-554F-4A1E-B67F-A0B138A05B44}.Release|Any CPU.Build.0 = Release|Any CPU
	EndGlobalSection
	GlobalSection(SolutionProperties) = preSolution
		HideSolutionNode = FALSE
	EndGlobalSection
	GlobalSection(ExtensibilityGlobals) = postSolution
		SolutionGuid = {11CD0B14-E594-4FA7-A57E-AA0855384EEB}
	EndGlobalSection
EndGlobal
